// !$*UTF8*$!
{
	archiveVersion = 1;
	classes = {
	};
	objectVersion = 46;
	objects = {

/* Begin PBXBuildFile section */
		4A08C9111ED6098A001781BB /* BidirectionalBubbleSortTests.m in Sources */ = {isa = PBXBuildFile; fileRef = 4A08C90F1ED6098A001781BB /* BidirectionalBubbleSortTests.m */; };
		4A18DE641ED9C73A003DF01B /* SelectionSort.m in Sources */ = {isa = PBXBuildFile; fileRef = 4A18DE631ED9C73A003DF01B /* SelectionSort.m */; };
		4A18DE651ED9C73A003DF01B /* SelectionSort.m in Sources */ = {isa = PBXBuildFile; fileRef = 4A18DE631ED9C73A003DF01B /* SelectionSort.m */; };
		4A18DE681ED9CA0D003DF01B /* SelectionSortTests.m in Sources */ = {isa = PBXBuildFile; fileRef = 4A18DE671ED9CA0D003DF01B /* SelectionSortTests.m */; };
		4A1A0AA01ED4A9F1003353A4 /* BinarySearchNotInPlaceTests.m in Sources */ = {isa = PBXBuildFile; fileRef = 4A1A0A9F1ED4A9F1003353A4 /* BinarySearchNotInPlaceTests.m */; };
		4A76684A1ED2028C000A3D37 /* LinearSearchEqualObjectsTests.m in Sources */ = {isa = PBXBuildFile; fileRef = 4A7668491ED2028C000A3D37 /* LinearSearchEqualObjectsTests.m */; };
		4A7668561ED212BC000A3D37 /* BinarySearchInPlaceTests.m in Sources */ = {isa = PBXBuildFile; fileRef = 4A7668551ED212BC000A3D37 /* BinarySearchInPlaceTests.m */; };
		4A8603D11EDB032300A128AB /* MergeSort.m in Sources */ = {isa = PBXBuildFile; fileRef = 4A8603D01EDB032300A128AB /* MergeSort.m */; };
		4A8603D21EDB032300A128AB /* MergeSort.m in Sources */ = {isa = PBXBuildFile; fileRef = 4A8603D01EDB032300A128AB /* MergeSort.m */; };
		4A8603D51EDB0C4800A128AB /* MergeSortTests.m in Sources */ = {isa = PBXBuildFile; fileRef = 4A8603D41EDB0C4800A128AB /* MergeSortTests.m */; };
		4A9FEB2A1ED75A0700B39236 /* BidirectionalBubbleSort.m in Sources */ = {isa = PBXBuildFile; fileRef = 4A9FEB291ED75A0700B39236 /* BidirectionalBubbleSort.m */; };
		4A9FEB2B1ED75A0700B39236 /* BidirectionalBubbleSort.m in Sources */ = {isa = PBXBuildFile; fileRef = 4A9FEB291ED75A0700B39236 /* BidirectionalBubbleSort.m */; };
		4A9FEB2E1ED75A0D00B39236 /* BinarySearch.m in Sources */ = {isa = PBXBuildFile; fileRef = 4A9FEB2D1ED75A0D00B39236 /* BinarySearch.m */; };
		4A9FEB2F1ED75A0D00B39236 /* BinarySearch.m in Sources */ = {isa = PBXBuildFile; fileRef = 4A9FEB2D1ED75A0D00B39236 /* BinarySearch.m */; };
		4A9FEB321ED75A1300B39236 /* BubbleSort.m in Sources */ = {isa = PBXBuildFile; fileRef = 4A9FEB311ED75A1300B39236 /* BubbleSort.m */; };
		4A9FEB331ED75A1300B39236 /* BubbleSort.m in Sources */ = {isa = PBXBuildFile; fileRef = 4A9FEB311ED75A1300B39236 /* BubbleSort.m */; };
		4A9FEB361ED75A2900B39236 /* LinearSearch.m in Sources */ = {isa = PBXBuildFile; fileRef = 4A9FEB351ED75A2900B39236 /* LinearSearch.m */; };
		4A9FEB371ED75A2900B39236 /* LinearSearch.m in Sources */ = {isa = PBXBuildFile; fileRef = 4A9FEB351ED75A2900B39236 /* LinearSearch.m */; };
		4AA076301ED5ECF600F0461E /* BubbleSortTests.m in Sources */ = {isa = PBXBuildFile; fileRef = 4AA0762F1ED5ECF600F0461E /* BubbleSortTests.m */; };
		4ACC9C301ED89422003D8328 /* InsertionSort.m in Sources */ = {isa = PBXBuildFile; fileRef = 4ACC9C2F1ED89422003D8328 /* InsertionSort.m */; };
		4ACC9C311ED89422003D8328 /* InsertionSort.m in Sources */ = {isa = PBXBuildFile; fileRef = 4ACC9C2F1ED89422003D8328 /* InsertionSort.m */; };
		4ACC9C341ED8A336003D8328 /* InsertionSortTests.m in Sources */ = {isa = PBXBuildFile; fileRef = 4ACC9C331ED8A336003D8328 /* InsertionSortTests.m */; };
		4ACC9C371ED8A40D003D8328 /* TestsHelper.m in Sources */ = {isa = PBXBuildFile; fileRef = 4ACC9C361ED8A40D003D8328 /* TestsHelper.m */; };
		4AFF91F31ECCD815004B5A25 /* main.m in Sources */ = {isa = PBXBuildFile; fileRef = 4AFF91F21ECCD815004B5A25 /* main.m */; };
		4AFF92501ECCDCF0004B5A25 /* LinearSearchObjectsTests.m in Sources */ = {isa = PBXBuildFile; fileRef = 4AFF924F1ECCDCF0004B5A25 /* LinearSearchObjectsTests.m */; };
/* End PBXBuildFile section */

/* Begin PBXCopyFilesBuildPhase section */
		4AFF91ED1ECCD815004B5A25 /* CopyFiles */ = {
			isa = PBXCopyFilesBuildPhase;
			buildActionMask = 2147483647;
			dstPath = /usr/share/man/man1/;
			dstSubfolderSpec = 0;
			files = (
			);
			runOnlyForDeploymentPostprocessing = 1;
		};
/* End PBXCopyFilesBuildPhase section */

/* Begin PBXFileReference section */
		4A08C90F1ED6098A001781BB /* BidirectionalBubbleSortTests.m */ = {isa = PBXFileReference; fileEncoding = 4; lastKnownFileType = sourcecode.c.objc; path = BidirectionalBubbleSortTests.m; sourceTree = "<group>"; };
		4A18DE621ED9C73A003DF01B /* SelectionSort.h */ = {isa = PBXFileReference; fileEncoding = 4; lastKnownFileType = sourcecode.c.h; name = SelectionSort.h; path = "../../../Selection_Sort/Objective-C/SelectionSort.h"; sourceTree = "<group>"; };
		4A18DE631ED9C73A003DF01B /* SelectionSort.m */ = {isa = PBXFileReference; fileEncoding = 4; lastKnownFileType = sourcecode.c.objc; name = SelectionSort.m; path = "../../../Selection_Sort/Objective-C/SelectionSort.m"; sourceTree = "<group>"; };
		4A18DE671ED9CA0D003DF01B /* SelectionSortTests.m */ = {isa = PBXFileReference; fileEncoding = 4; lastKnownFileType = sourcecode.c.objc; path = SelectionSortTests.m; sourceTree = "<group>"; };
		4A1A0A9F1ED4A9F1003353A4 /* BinarySearchNotInPlaceTests.m */ = {isa = PBXFileReference; fileEncoding = 4; lastKnownFileType = sourcecode.c.objc; path = BinarySearchNotInPlaceTests.m; sourceTree = "<group>"; };
		4A7668491ED2028C000A3D37 /* LinearSearchEqualObjectsTests.m */ = {isa = PBXFileReference; fileEncoding = 4; lastKnownFileType = sourcecode.c.objc; path = LinearSearchEqualObjectsTests.m; sourceTree = "<group>"; };
		4A7668551ED212BC000A3D37 /* BinarySearchInPlaceTests.m */ = {isa = PBXFileReference; fileEncoding = 4; lastKnownFileType = sourcecode.c.objc; path = BinarySearchInPlaceTests.m; sourceTree = "<group>"; };
		4A8603CF1EDB032300A128AB /* MergeSort.h */ = {isa = PBXFileReference; fileEncoding = 4; lastKnownFileType = sourcecode.c.h; name = MergeSort.h; path = "../../../Merge_Sort/Objective-C/MergeSort.h"; sourceTree = "<group>"; };
		4A8603D01EDB032300A128AB /* MergeSort.m */ = {isa = PBXFileReference; fileEncoding = 4; lastKnownFileType = sourcecode.c.objc; name = MergeSort.m; path = "../../../Merge_Sort/Objective-C/MergeSort.m"; sourceTree = "<group>"; };
		4A8603D41EDB0C4800A128AB /* MergeSortTests.m */ = {isa = PBXFileReference; fileEncoding = 4; lastKnownFileType = sourcecode.c.objc; path = MergeSortTests.m; sourceTree = "<group>"; };
		4A9FEB281ED75A0700B39236 /* BidirectionalBubbleSort.h */ = {isa = PBXFileReference; fileEncoding = 4; lastKnownFileType = sourcecode.c.h; name = BidirectionalBubbleSort.h; path = "../../../Bidirectional_Bubble_Sort/Objective-C/BidirectionalBubbleSort.h"; sourceTree = "<group>"; };
		4A9FEB291ED75A0700B39236 /* BidirectionalBubbleSort.m */ = {isa = PBXFileReference; fileEncoding = 4; lastKnownFileType = sourcecode.c.objc; name = BidirectionalBubbleSort.m; path = "../../../Bidirectional_Bubble_Sort/Objective-C/BidirectionalBubbleSort.m"; sourceTree = "<group>"; };
		4A9FEB2C1ED75A0D00B39236 /* BinarySearch.h */ = {isa = PBXFileReference; fileEncoding = 4; lastKnownFileType = sourcecode.c.h; name = BinarySearch.h; path = "../../../Binary_Search/Objective-C/BinarySearch.h"; sourceTree = "<group>"; };
		4A9FEB2D1ED75A0D00B39236 /* BinarySearch.m */ = {isa = PBXFileReference; fileEncoding = 4; lastKnownFileType = sourcecode.c.objc; name = BinarySearch.m; path = "../../../Binary_Search/Objective-C/BinarySearch.m"; sourceTree = "<group>"; };
		4A9FEB301ED75A1300B39236 /* BubbleSort.h */ = {isa = PBXFileReference; fileEncoding = 4; lastKnownFileType = sourcecode.c.h; name = BubbleSort.h; path = "../../../Bubble_Sort/Objective-C/BubbleSort.h"; sourceTree = "<group>"; };
		4A9FEB311ED75A1300B39236 /* BubbleSort.m */ = {isa = PBXFileReference; fileEncoding = 4; lastKnownFileType = sourcecode.c.objc; name = BubbleSort.m; path = "../../../Bubble_Sort/Objective-C/BubbleSort.m"; sourceTree = "<group>"; };
		4A9FEB341ED75A2900B39236 /* LinearSearch.h */ = {isa = PBXFileReference; fileEncoding = 4; lastKnownFileType = sourcecode.c.h; name = LinearSearch.h; path = "../../../Linear_Search/Objective-C/LinearSearch.h"; sourceTree = "<group>"; };
		4A9FEB351ED75A2900B39236 /* LinearSearch.m */ = {isa = PBXFileReference; fileEncoding = 4; lastKnownFileType = sourcecode.c.objc; name = LinearSearch.m; path = "../../../Linear_Search/Objective-C/LinearSearch.m"; sourceTree = "<group>"; };
		4AA0762F1ED5ECF600F0461E /* BubbleSortTests.m */ = {isa = PBXFileReference; fileEncoding = 4; lastKnownFileType = sourcecode.c.objc; path = BubbleSortTests.m; sourceTree = "<group>"; };
		4ACC9C2E1ED89422003D8328 /* InsertionSort.h */ = {isa = PBXFileReference; fileEncoding = 4; lastKnownFileType = sourcecode.c.h; name = InsertionSort.h; path = "../../../Insertion_Sort/Objective-C/InsertionSort.h"; sourceTree = "<group>"; };
		4ACC9C2F1ED89422003D8328 /* InsertionSort.m */ = {isa = PBXFileReference; fileEncoding = 4; lastKnownFileType = sourcecode.c.objc; name = InsertionSort.m; path = "../../../Insertion_Sort/Objective-C/InsertionSort.m"; sourceTree = "<group>"; };
		4ACC9C331ED8A336003D8328 /* InsertionSortTests.m */ = {isa = PBXFileReference; fileEncoding = 4; lastKnownFileType = sourcecode.c.objc; path = InsertionSortTests.m; sourceTree = "<group>"; };
		4ACC9C351ED8A40D003D8328 /* TestsHelper.h */ = {isa = PBXFileReference; fileEncoding = 4; lastKnownFileType = sourcecode.c.h; path = TestsHelper.h; sourceTree = "<group>"; };
		4ACC9C361ED8A40D003D8328 /* TestsHelper.m */ = {isa = PBXFileReference; fileEncoding = 4; lastKnownFileType = sourcecode.c.objc; path = TestsHelper.m; sourceTree = "<group>"; };
		4AFF91EF1ECCD815004B5A25 /* Algorithms */ = {isa = PBXFileReference; explicitFileType = "compiled.mach-o.executable"; includeInIndex = 0; path = Algorithms; sourceTree = BUILT_PRODUCTS_DIR; };
		4AFF91F21ECCD815004B5A25 /* main.m */ = {isa = PBXFileReference; lastKnownFileType = sourcecode.c.objc; path = main.m; sourceTree = "<group>"; };
		4AFF92461ECCDCAE004B5A25 /* AlgorithmsTests.xctest */ = {isa = PBXFileReference; explicitFileType = wrapper.cfbundle; includeInIndex = 0; path = AlgorithmsTests.xctest; sourceTree = BUILT_PRODUCTS_DIR; };
		4AFF924A1ECCDCAE004B5A25 /* Info.plist */ = {isa = PBXFileReference; lastKnownFileType = text.plist.xml; path = Info.plist; sourceTree = "<group>"; };
		4AFF924F1ECCDCF0004B5A25 /* LinearSearchObjectsTests.m */ = {isa = PBXFileReference; fileEncoding = 4; lastKnownFileType = sourcecode.c.objc; path = LinearSearchObjectsTests.m; sourceTree = "<group>"; };
/* End PBXFileReference section */

/* Begin PBXFrameworksBuildPhase section */
		4AFF91EC1ECCD815004B5A25 /* Frameworks */ = {
			isa = PBXFrameworksBuildPhase;
			buildActionMask = 2147483647;
			files = (
			);
			runOnlyForDeploymentPostprocessing = 0;
		};
		4AFF92431ECCDCAE004B5A25 /* Frameworks */ = {
			isa = PBXFrameworksBuildPhase;
			buildActionMask = 2147483647;
			files = (
			);
			runOnlyForDeploymentPostprocessing = 0;
		};
/* End PBXFrameworksBuildPhase section */

/* Begin PBXGroup section */
		4A08C90A1ED60433001781BB /* Bidirectional Bubble Sort */ = {
			isa = PBXGroup;
			children = (
				4A08C90F1ED6098A001781BB /* BidirectionalBubbleSortTests.m */,
			);
			name = "Bidirectional Bubble Sort";
			sourceTree = "<group>";
		};
		4A18DE611ED9C42B003DF01B /* Selection Sort */ = {
			isa = PBXGroup;
			children = (
				4A18DE621ED9C73A003DF01B /* SelectionSort.h */,
				4A18DE631ED9C73A003DF01B /* SelectionSort.m */,
			);
			name = "Selection Sort";
			sourceTree = "<group>";
		};
		4A18DE661ED9C9E1003DF01B /* Selection Sort */ = {
			isa = PBXGroup;
			children = (
				4A18DE671ED9CA0D003DF01B /* SelectionSortTests.m */,
			);
			name = "Selection Sort";
			sourceTree = "<group>";
		};
		4A76684F1ED20AA3000A3D37 /* Binary Search */ = {
			isa = PBXGroup;
			children = (
				4A9FEB2C1ED75A0D00B39236 /* BinarySearch.h */,
				4A9FEB2D1ED75A0D00B39236 /* BinarySearch.m */,
			);
			name = "Binary Search";
			sourceTree = "<group>";
		};
		4A7668541ED2126F000A3D37 /* Binary Search */ = {
			isa = PBXGroup;
			children = (
				4A7668551ED212BC000A3D37 /* BinarySearchInPlaceTests.m */,
				4A1A0A9F1ED4A9F1003353A4 /* BinarySearchNotInPlaceTests.m */,
			);
			name = "Binary Search";
			sourceTree = "<group>";
		};
		4A8603CE1EDB02EE00A128AB /* Merge Sort */ = {
			isa = PBXGroup;
			children = (
				4A8603CF1EDB032300A128AB /* MergeSort.h */,
				4A8603D01EDB032300A128AB /* MergeSort.m */,
			);
			name = "Merge Sort";
			sourceTree = "<group>";
		};
		4A8603D31EDB0C3B00A128AB /* Merge Sort */ = {
			isa = PBXGroup;
			children = (
				4A8603D41EDB0C4800A128AB /* MergeSortTests.m */,
			);
			name = "Merge Sort";
			sourceTree = "<group>";
		};
		4AA076291ED5E77700F0461E /* Bubble Sort */ = {
			isa = PBXGroup;
			children = (
				4A9FEB301ED75A1300B39236 /* BubbleSort.h */,
				4A9FEB311ED75A1300B39236 /* BubbleSort.m */,
			);
			name = "Bubble Sort";
			sourceTree = "<group>";
		};
		4AA0762E1ED5EC6000F0461E /* Bubble Sort */ = {
			isa = PBXGroup;
			children = (
				4AA0762F1ED5ECF600F0461E /* BubbleSortTests.m */,
			);
			name = "Bubble Sort";
			sourceTree = "<group>";
		};
		4AA076311ED5F53B00F0461E /* Bidirectional Bubble Sort */ = {
			isa = PBXGroup;
			children = (
				4A9FEB281ED75A0700B39236 /* BidirectionalBubbleSort.h */,
				4A9FEB291ED75A0700B39236 /* BidirectionalBubbleSort.m */,
			);
			name = "Bidirectional Bubble Sort";
			sourceTree = "<group>";
		};
		4ACC9C2D1ED893E3003D8328 /* Insertion Sort */ = {
			isa = PBXGroup;
			children = (
				4ACC9C2E1ED89422003D8328 /* InsertionSort.h */,
				4ACC9C2F1ED89422003D8328 /* InsertionSort.m */,
			);
			name = "Insertion Sort";
			sourceTree = "<group>";
		};
		4ACC9C321ED8A218003D8328 /* Insertion Sort */ = {
			isa = PBXGroup;
			children = (
				4ACC9C331ED8A336003D8328 /* InsertionSortTests.m */,
			);
			name = "Insertion Sort";
			sourceTree = "<group>";
		};
		4AFF91E61ECCD815004B5A25 = {
			isa = PBXGroup;
			children = (
				4AFF91F11ECCD815004B5A25 /* Algorithms */,
				4AFF92471ECCDCAE004B5A25 /* AlgorithmsTests */,
				4AFF91F01ECCD815004B5A25 /* Products */,
			);
			sourceTree = "<group>";
		};
		4AFF91F01ECCD815004B5A25 /* Products */ = {
			isa = PBXGroup;
			children = (
				4AFF91EF1ECCD815004B5A25 /* Algorithms */,
				4AFF92461ECCDCAE004B5A25 /* AlgorithmsTests.xctest */,
			);
			name = Products;
			sourceTree = "<group>";
		};
		4AFF91F11ECCD815004B5A25 /* Algorithms */ = {
			isa = PBXGroup;
			children = (
				4AA076311ED5F53B00F0461E /* Bidirectional Bubble Sort */,
				4A76684F1ED20AA3000A3D37 /* Binary Search */,
				4AA076291ED5E77700F0461E /* Bubble Sort */,
				4ACC9C2D1ED893E3003D8328 /* Insertion Sort */,
				4AFF91F91ECCD935004B5A25 /* Linear Search */,
				4A8603CE1EDB02EE00A128AB /* Merge Sort */,
				4A18DE611ED9C42B003DF01B /* Selection Sort */,
				4AFF91F21ECCD815004B5A25 /* main.m */,
			);
			path = Algorithms;
			sourceTree = "<group>";
		};
		4AFF91F91ECCD935004B5A25 /* Linear Search */ = {
			isa = PBXGroup;
			children = (
				4A9FEB341ED75A2900B39236 /* LinearSearch.h */,
				4A9FEB351ED75A2900B39236 /* LinearSearch.m */,
			);
			name = "Linear Search";
			sourceTree = "<group>";
		};
		4AFF92471ECCDCAE004B5A25 /* AlgorithmsTests */ = {
			isa = PBXGroup;
			children = (
				4A08C90A1ED60433001781BB /* Bidirectional Bubble Sort */,
				4A7668541ED2126F000A3D37 /* Binary Search */,
				4AA0762E1ED5EC6000F0461E /* Bubble Sort */,
				4ACC9C321ED8A218003D8328 /* Insertion Sort */,
				4AFF924E1ECCDCD8004B5A25 /* Linear Search */,
				4A8603D31EDB0C3B00A128AB /* Merge Sort */,
				4A18DE661ED9C9E1003DF01B /* Selection Sort */,
				4AFF924A1ECCDCAE004B5A25 /* Info.plist */,
				4ACC9C351ED8A40D003D8328 /* TestsHelper.h */,
				4ACC9C361ED8A40D003D8328 /* TestsHelper.m */,
			);
			path = AlgorithmsTests;
			sourceTree = "<group>";
		};
		4AFF924E1ECCDCD8004B5A25 /* Linear Search */ = {
			isa = PBXGroup;
			children = (
				4AFF924F1ECCDCF0004B5A25 /* LinearSearchObjectsTests.m */,
				4A7668491ED2028C000A3D37 /* LinearSearchEqualObjectsTests.m */,
			);
			name = "Linear Search";
			sourceTree = "<group>";
		};
/* End PBXGroup section */

/* Begin PBXNativeTarget section */
		4AFF91EE1ECCD815004B5A25 /* Algorithms */ = {
			isa = PBXNativeTarget;
			buildConfigurationList = 4AFF91F61ECCD815004B5A25 /* Build configuration list for PBXNativeTarget "Algorithms" */;
			buildPhases = (
				4AFF91EB1ECCD815004B5A25 /* Sources */,
				4AFF91EC1ECCD815004B5A25 /* Frameworks */,
				4AFF91ED1ECCD815004B5A25 /* CopyFiles */,
			);
			buildRules = (
			);
			dependencies = (
			);
			name = Algorithms;
			productName = Algorithms;
			productReference = 4AFF91EF1ECCD815004B5A25 /* Algorithms */;
			productType = "com.apple.product-type.tool";
		};
		4AFF92451ECCDCAE004B5A25 /* AlgorithmsTests */ = {
			isa = PBXNativeTarget;
			buildConfigurationList = 4AFF924B1ECCDCAE004B5A25 /* Build configuration list for PBXNativeTarget "AlgorithmsTests" */;
			buildPhases = (
				4AFF92421ECCDCAE004B5A25 /* Sources */,
				4AFF92431ECCDCAE004B5A25 /* Frameworks */,
				4AFF92441ECCDCAE004B5A25 /* Resources */,
			);
			buildRules = (
			);
			dependencies = (
			);
			name = AlgorithmsTests;
			productName = AlgorithmsTests;
			productReference = 4AFF92461ECCDCAE004B5A25 /* AlgorithmsTests.xctest */;
			productType = "com.apple.product-type.bundle.unit-test";
		};
/* End PBXNativeTarget section */

/* Begin PBXProject section */
		4AFF91E71ECCD815004B5A25 /* Project object */ = {
			isa = PBXProject;
			attributes = {
				LastUpgradeCheck = 0830;
				ORGANIZATIONNAME = "Grigory Lutkov";
				TargetAttributes = {
					4AFF91EE1ECCD815004B5A25 = {
						CreatedOnToolsVersion = 8.3.2;
						ProvisioningStyle = Automatic;
					};
					4AFF92451ECCDCAE004B5A25 = {
						CreatedOnToolsVersion = 8.3.2;
						ProvisioningStyle = Automatic;
					};
				};
			};
			buildConfigurationList = 4AFF91EA1ECCD815004B5A25 /* Build configuration list for PBXProject "Algorithms" */;
			compatibilityVersion = "Xcode 3.2";
			developmentRegion = English;
			hasScannedForEncodings = 0;
			knownRegions = (
				en,
			);
			mainGroup = 4AFF91E61ECCD815004B5A25;
			productRefGroup = 4AFF91F01ECCD815004B5A25 /* Products */;
			projectDirPath = "";
			projectRoot = "";
			targets = (
				4AFF91EE1ECCD815004B5A25 /* Algorithms */,
				4AFF92451ECCDCAE004B5A25 /* AlgorithmsTests */,
			);
		};
/* End PBXProject section */

/* Begin PBXResourcesBuildPhase section */
		4AFF92441ECCDCAE004B5A25 /* Resources */ = {
			isa = PBXResourcesBuildPhase;
			buildActionMask = 2147483647;
			files = (
			);
			runOnlyForDeploymentPostprocessing = 0;
		};
/* End PBXResourcesBuildPhase section */

/* Begin PBXSourcesBuildPhase section */
		4AFF91EB1ECCD815004B5A25 /* Sources */ = {
			isa = PBXSourcesBuildPhase;
			buildActionMask = 2147483647;
			files = (
				4AFF91F31ECCD815004B5A25 /* main.m in Sources */,
				4A9FEB2E1ED75A0D00B39236 /* BinarySearch.m in Sources */,
				4A9FEB361ED75A2900B39236 /* LinearSearch.m in Sources */,
				4A18DE641ED9C73A003DF01B /* SelectionSort.m in Sources */,
				4A9FEB2A1ED75A0700B39236 /* BidirectionalBubbleSort.m in Sources */,
				4A9FEB321ED75A1300B39236 /* BubbleSort.m in Sources */,
				4A8603D11EDB032300A128AB /* MergeSort.m in Sources */,
				4ACC9C301ED89422003D8328 /* InsertionSort.m in Sources */,
			);
			runOnlyForDeploymentPostprocessing = 0;
		};
		4AFF92421ECCDCAE004B5A25 /* Sources */ = {
			isa = PBXSourcesBuildPhase;
			buildActionMask = 2147483647;
			files = (
				4A8603D51EDB0C4800A128AB /* MergeSortTests.m in Sources */,
				4AA076301ED5ECF600F0461E /* BubbleSortTests.m in Sources */,
				4ACC9C341ED8A336003D8328 /* InsertionSortTests.m in Sources */,
				4AFF92501ECCDCF0004B5A25 /* LinearSearchObjectsTests.m in Sources */,
				4A9FEB371ED75A2900B39236 /* LinearSearch.m in Sources */,
				4A08C9111ED6098A001781BB /* BidirectionalBubbleSortTests.m in Sources */,
				4A76684A1ED2028C000A3D37 /* LinearSearchEqualObjectsTests.m in Sources */,
				4A9FEB2F1ED75A0D00B39236 /* BinarySearch.m in Sources */,
				4A9FEB331ED75A1300B39236 /* BubbleSort.m in Sources */,
				4ACC9C311ED89422003D8328 /* InsertionSort.m in Sources */,
				4ACC9C371ED8A40D003D8328 /* TestsHelper.m in Sources */,
				4A18DE651ED9C73A003DF01B /* SelectionSort.m in Sources */,
				4A9FEB2B1ED75A0700B39236 /* BidirectionalBubbleSort.m in Sources */,
				4A7668561ED212BC000A3D37 /* BinarySearchInPlaceTests.m in Sources */,
				4A1A0AA01ED4A9F1003353A4 /* BinarySearchNotInPlaceTests.m in Sources */,
				4A8603D21EDB032300A128AB /* MergeSort.m in Sources */,
				4A18DE681ED9CA0D003DF01B /* SelectionSortTests.m in Sources */,
			);
			runOnlyForDeploymentPostprocessing = 0;
		};
/* End PBXSourcesBuildPhase section */

/* Begin XCBuildConfiguration section */
		4AFF91F41ECCD815004B5A25 /* Debug */ = {
			isa = XCBuildConfiguration;
			buildSettings = {
				ALWAYS_SEARCH_USER_PATHS = NO;
				CLANG_ANALYZER_NONNULL = YES;
				CLANG_ANALYZER_NUMBER_OBJECT_CONVERSION = YES_AGGRESSIVE;
				CLANG_CXX_LANGUAGE_STANDARD = "gnu++0x";
				CLANG_CXX_LIBRARY = "libc++";
				CLANG_ENABLE_MODULES = YES;
				CLANG_ENABLE_OBJC_ARC = YES;
				CLANG_WARN_BOOL_CONVERSION = YES;
				CLANG_WARN_CONSTANT_CONVERSION = YES;
				CLANG_WARN_DIRECT_OBJC_ISA_USAGE = YES_ERROR;
				CLANG_WARN_DOCUMENTATION_COMMENTS = YES;
				CLANG_WARN_EMPTY_BODY = YES;
				CLANG_WARN_ENUM_CONVERSION = YES;
				CLANG_WARN_INFINITE_RECURSION = YES;
				CLANG_WARN_INT_CONVERSION = YES;
				CLANG_WARN_OBJC_ROOT_CLASS = YES_ERROR;
				CLANG_WARN_SUSPICIOUS_MOVE = YES;
				CLANG_WARN_UNREACHABLE_CODE = YES;
				CLANG_WARN__DUPLICATE_METHOD_MATCH = YES;
				CODE_SIGN_IDENTITY = "-";
				COPY_PHASE_STRIP = NO;
				DEBUG_INFORMATION_FORMAT = dwarf;
				ENABLE_STRICT_OBJC_MSGSEND = YES;
				ENABLE_TESTABILITY = YES;
				GCC_C_LANGUAGE_STANDARD = gnu99;
				GCC_DYNAMIC_NO_PIC = NO;
				GCC_NO_COMMON_BLOCKS = YES;
				GCC_OPTIMIZATION_LEVEL = 0;
				GCC_PREPROCESSOR_DEFINITIONS = (
					"DEBUG=1",
					"$(inherited)",
				);
				GCC_WARN_64_TO_32_BIT_CONVERSION = YES;
				GCC_WARN_ABOUT_RETURN_TYPE = YES_ERROR;
				GCC_WARN_UNDECLARED_SELECTOR = YES;
				GCC_WARN_UNINITIALIZED_AUTOS = YES_AGGRESSIVE;
				GCC_WARN_UNUSED_FUNCTION = YES;
				GCC_WARN_UNUSED_VARIABLE = YES;
				MACOSX_DEPLOYMENT_TARGET = 10.12;
				MTL_ENABLE_DEBUG_INFO = YES;
				ONLY_ACTIVE_ARCH = YES;
				SDKROOT = macosx;
			};
			name = Debug;
		};
		4AFF91F51ECCD815004B5A25 /* Release */ = {
			isa = XCBuildConfiguration;
			buildSettings = {
				ALWAYS_SEARCH_USER_PATHS = NO;
				CLANG_ANALYZER_NONNULL = YES;
				CLANG_ANALYZER_NUMBER_OBJECT_CONVERSION = YES_AGGRESSIVE;
				CLANG_CXX_LANGUAGE_STANDARD = "gnu++0x";
				CLANG_CXX_LIBRARY = "libc++";
				CLANG_ENABLE_MODULES = YES;
				CLANG_ENABLE_OBJC_ARC = YES;
				CLANG_WARN_BOOL_CONVERSION = YES;
				CLANG_WARN_CONSTANT_CONVERSION = YES;
				CLANG_WARN_DIRECT_OBJC_ISA_USAGE = YES_ERROR;
				CLANG_WARN_DOCUMENTATION_COMMENTS = YES;
				CLANG_WARN_EMPTY_BODY = YES;
				CLANG_WARN_ENUM_CONVERSION = YES;
				CLANG_WARN_INFINITE_RECURSION = YES;
				CLANG_WARN_INT_CONVERSION = YES;
				CLANG_WARN_OBJC_ROOT_CLASS = YES_ERROR;
				CLANG_WARN_SUSPICIOUS_MOVE = YES;
				CLANG_WARN_UNREACHABLE_CODE = YES;
				CLANG_WARN__DUPLICATE_METHOD_MATCH = YES;
				CODE_SIGN_IDENTITY = "-";
				COPY_PHASE_STRIP = NO;
				DEBUG_INFORMATION_FORMAT = "dwarf-with-dsym";
				ENABLE_NS_ASSERTIONS = NO;
				ENABLE_STRICT_OBJC_MSGSEND = YES;
				GCC_C_LANGUAGE_STANDARD = gnu99;
				GCC_NO_COMMON_BLOCKS = YES;
				GCC_WARN_64_TO_32_BIT_CONVERSION = YES;
				GCC_WARN_ABOUT_RETURN_TYPE = YES_ERROR;
				GCC_WARN_UNDECLARED_SELECTOR = YES;
				GCC_WARN_UNINITIALIZED_AUTOS = YES_AGGRESSIVE;
				GCC_WARN_UNUSED_FUNCTION = YES;
				GCC_WARN_UNUSED_VARIABLE = YES;
				MACOSX_DEPLOYMENT_TARGET = 10.12;
				MTL_ENABLE_DEBUG_INFO = NO;
				SDKROOT = macosx;
			};
			name = Release;
		};
		4AFF91F71ECCD815004B5A25 /* Debug */ = {
			isa = XCBuildConfiguration;
			buildSettings = {
				PRODUCT_NAME = "$(TARGET_NAME)";
			};
			name = Debug;
		};
		4AFF91F81ECCD815004B5A25 /* Release */ = {
			isa = XCBuildConfiguration;
			buildSettings = {
				PRODUCT_NAME = "$(TARGET_NAME)";
			};
			name = Release;
		};
		4AFF924C1ECCDCAE004B5A25 /* Debug */ = {
			isa = XCBuildConfiguration;
			buildSettings = {
				COMBINE_HIDPI_IMAGES = YES;
				INFOPLIST_FILE = AlgorithmsTests/Info.plist;
				LD_RUNPATH_SEARCH_PATHS = "$(inherited) @executable_path/../Frameworks @loader_path/../Frameworks";
				PRODUCT_BUNDLE_IDENTIFIER = com.test.AlgorithmsTests;
				PRODUCT_NAME = "$(TARGET_NAME)";
			};
			name = Debug;
		};
		4AFF924D1ECCDCAE004B5A25 /* Release */ = {
			isa = XCBuildConfiguration;
			buildSettings = {
				COMBINE_HIDPI_IMAGES = YES;
				INFOPLIST_FILE = AlgorithmsTests/Info.plist;
				LD_RUNPATH_SEARCH_PATHS = "$(inherited) @executable_path/../Frameworks @loader_path/../Frameworks";
				PRODUCT_BUNDLE_IDENTIFIER = com.test.AlgorithmsTests;
				PRODUCT_NAME = "$(TARGET_NAME)";
			};
			name = Release;
		};
/* End XCBuildConfiguration section */

/* Begin XCConfigurationList section */
		4AFF91EA1ECCD815004B5A25 /* Build configuration list for PBXProject "Algorithms" */ = {
			isa = XCConfigurationList;
			buildConfigurations = (
				4AFF91F41ECCD815004B5A25 /* Debug */,
				4AFF91F51ECCD815004B5A25 /* Release */,
			);
			defaultConfigurationIsVisible = 0;
			defaultConfigurationName = Release;
		};
		4AFF91F61ECCD815004B5A25 /* Build configuration list for PBXNativeTarget "Algorithms" */ = {
			isa = XCConfigurationList;
			buildConfigurations = (
				4AFF91F71ECCD815004B5A25 /* Debug */,
				4AFF91F81ECCD815004B5A25 /* Release */,
			);
			defaultConfigurationIsVisible = 0;
			defaultConfigurationName = Release;
		};
		4AFF924B1ECCDCAE004B5A25 /* Build configuration list for PBXNativeTarget "AlgorithmsTests" */ = {
			isa = XCConfigurationList;
			buildConfigurations = (
				4AFF924C1ECCDCAE004B5A25 /* Debug */,
				4AFF924D1ECCDCAE004B5A25 /* Release */,
			);
			defaultConfigurationIsVisible = 0;
			defaultConfigurationName = Release;
		};
/* End XCConfigurationList section */
	};
	rootObject = 4AFF91E71ECCD815004B5A25 /* Project object */;
}
