// !$*UTF8*$!
{
	archiveVersion = 1;
	classes = {
	};
	objectVersion = 46;
	objects = {

/* Begin PBXBuildFile section */
		4A08C9191ED61401001781BB /* BubbleSortTests.swift in Sources */ = {isa = PBXBuildFile; fileRef = 4A08C9181ED61401001781BB /* BubbleSortTests.swift */; };
		4A18DE6B1ED9CA96003DF01B /* SelectionSort.swift in Sources */ = {isa = PBXBuildFile; fileRef = 4A18DE6A1ED9CA96003DF01B /* SelectionSort.swift */; };
		4A18DE6C1ED9CA96003DF01B /* SelectionSort.swift in Sources */ = {isa = PBXBuildFile; fileRef = 4A18DE6A1ED9CA96003DF01B /* SelectionSort.swift */; };
		4A18DE6F1ED9CC18003DF01B /* SelectionSortTests.swift in Sources */ = {isa = PBXBuildFile; fileRef = 4A18DE6E1ED9CC18003DF01B /* SelectionSortTests.swift */; };
		4A1A0AA71ED4C592003353A4 /* BinarySearchInPlaceTests.swift in Sources */ = {isa = PBXBuildFile; fileRef = 4A1A0AA61ED4C592003353A4 /* BinarySearchInPlaceTests.swift */; };
		4A1A0AA91ED4CCDB003353A4 /* BinarySearchNotInPlaceTests.swift in Sources */ = {isa = PBXBuildFile; fileRef = 4A1A0AA81ED4CCDB003353A4 /* BinarySearchNotInPlaceTests.swift */; };
		4A3526F11ECE0A6C00FCCA1D /* main.swift in Sources */ = {isa = PBXBuildFile; fileRef = 4A3526F01ECE0A6C00FCCA1D /* main.swift */; };
		4A3526FE1ECE0AA800FCCA1D /* LinearSearchTests.swift in Sources */ = {isa = PBXBuildFile; fileRef = 4A3526FD1ECE0AA800FCCA1D /* LinearSearchTests.swift */; };
		4A39D56B1EDB124600263AB2 /* MergeSort.swift in Sources */ = {isa = PBXBuildFile; fileRef = 4A39D56A1EDB124600263AB2 /* MergeSort.swift */; };
		4A39D56C1EDB124600263AB2 /* MergeSort.swift in Sources */ = {isa = PBXBuildFile; fileRef = 4A39D56A1EDB124600263AB2 /* MergeSort.swift */; };
		4A39D56F1EDB15C800263AB2 /* MergeSortTests.swift in Sources */ = {isa = PBXBuildFile; fileRef = 4A39D56E1EDB15C800263AB2 /* MergeSortTests.swift */; };
		4A76684C1ED20478000A3D37 /* LinearSearchObjectsTests.swift in Sources */ = {isa = PBXBuildFile; fileRef = 4A76684B1ED20478000A3D37 /* LinearSearchObjectsTests.swift */; };
		4A76684E1ED2048B000A3D37 /* LinearSearchEqualObjectsTests.swift in Sources */ = {isa = PBXBuildFile; fileRef = 4A76684D1ED2048B000A3D37 /* LinearSearchEqualObjectsTests.swift */; };
		4A9FEB1D1ED759DA00B39236 /* BidirectionalBubbleSort.swift in Sources */ = {isa = PBXBuildFile; fileRef = 4A9FEB1C1ED759DA00B39236 /* BidirectionalBubbleSort.swift */; };
		4A9FEB1E1ED759DA00B39236 /* BidirectionalBubbleSort.swift in Sources */ = {isa = PBXBuildFile; fileRef = 4A9FEB1C1ED759DA00B39236 /* BidirectionalBubbleSort.swift */; };
		4A9FEB201ED759E000B39236 /* BinarySearch.swift in Sources */ = {isa = PBXBuildFile; fileRef = 4A9FEB1F1ED759E000B39236 /* BinarySearch.swift */; };
		4A9FEB211ED759E000B39236 /* BinarySearch.swift in Sources */ = {isa = PBXBuildFile; fileRef = 4A9FEB1F1ED759E000B39236 /* BinarySearch.swift */; };
		4A9FEB231ED759E500B39236 /* BubbleSort.swift in Sources */ = {isa = PBXBuildFile; fileRef = 4A9FEB221ED759E500B39236 /* BubbleSort.swift */; };
		4A9FEB241ED759E500B39236 /* BubbleSort.swift in Sources */ = {isa = PBXBuildFile; fileRef = 4A9FEB221ED759E500B39236 /* BubbleSort.swift */; };
		4A9FEB261ED759EB00B39236 /* LinearSearch.swift in Sources */ = {isa = PBXBuildFile; fileRef = 4A9FEB251ED759EB00B39236 /* LinearSearch.swift */; };
		4A9FEB271ED759EB00B39236 /* LinearSearch.swift in Sources */ = {isa = PBXBuildFile; fileRef = 4A9FEB251ED759EB00B39236 /* LinearSearch.swift */; };
		4ACAB75A1ED73EAF0058C07F /* ArrayExtension.swift in Sources */ = {isa = PBXBuildFile; fileRef = 4ACAB7591ED73EAF0058C07F /* ArrayExtension.swift */; };
		4ACAB7611ED757BD0058C07F /* BidirectionalBubbleSortTests.swift in Sources */ = {isa = PBXBuildFile; fileRef = 4ACAB7601ED757BD0058C07F /* BidirectionalBubbleSortTests.swift */; };
		4ACC9C3A1ED8AD8F003D8328 /* InsertionSort.swift in Sources */ = {isa = PBXBuildFile; fileRef = 4ACC9C391ED8AD8F003D8328 /* InsertionSort.swift */; };
		4ACC9C3B1ED8AD8F003D8328 /* InsertionSort.swift in Sources */ = {isa = PBXBuildFile; fileRef = 4ACC9C391ED8AD8F003D8328 /* InsertionSort.swift */; };
		4ACC9C3E1ED8AF8D003D8328 /* InsertionSortTests.swift in Sources */ = {isa = PBXBuildFile; fileRef = 4ACC9C3D1ED8AF8D003D8328 /* InsertionSortTests.swift */; };
		4ACC9C401ED8B029003D8328 /* TestsHelper.swift in Sources */ = {isa = PBXBuildFile; fileRef = 4ACC9C3F1ED8B029003D8328 /* TestsHelper.swift */; };
/* End PBXBuildFile section */

/* Begin PBXCopyFilesBuildPhase section */
		4A3526EB1ECE0A6C00FCCA1D /* CopyFiles */ = {
			isa = PBXCopyFilesBuildPhase;
			buildActionMask = 2147483647;
			dstPath = /usr/share/man/man1/;
			dstSubfolderSpec = 0;
			files = (
			);
			runOnlyForDeploymentPostprocessing = 1;
		};
/* End PBXCopyFilesBuildPhase section */

/* Begin PBXFileReference section */
		4A08C9181ED61401001781BB /* BubbleSortTests.swift */ = {isa = PBXFileReference; fileEncoding = 4; lastKnownFileType = sourcecode.swift; path = BubbleSortTests.swift; sourceTree = "<group>"; };
		4A18DE6A1ED9CA96003DF01B /* SelectionSort.swift */ = {isa = PBXFileReference; fileEncoding = 4; lastKnownFileType = sourcecode.swift; name = SelectionSort.swift; path = ../../../Selection_Sort/Swift/SelectionSort.swift; sourceTree = "<group>"; };
		4A18DE6E1ED9CC18003DF01B /* SelectionSortTests.swift */ = {isa = PBXFileReference; fileEncoding = 4; lastKnownFileType = sourcecode.swift; path = SelectionSortTests.swift; sourceTree = "<group>"; };
		4A1A0AA61ED4C592003353A4 /* BinarySearchInPlaceTests.swift */ = {isa = PBXFileReference; fileEncoding = 4; lastKnownFileType = sourcecode.swift; path = BinarySearchInPlaceTests.swift; sourceTree = "<group>"; };
		4A1A0AA81ED4CCDB003353A4 /* BinarySearchNotInPlaceTests.swift */ = {isa = PBXFileReference; fileEncoding = 4; lastKnownFileType = sourcecode.swift; path = BinarySearchNotInPlaceTests.swift; sourceTree = "<group>"; };
		4A3526ED1ECE0A6C00FCCA1D /* Algorithms */ = {isa = PBXFileReference; explicitFileType = "compiled.mach-o.executable"; includeInIndex = 0; path = Algorithms; sourceTree = BUILT_PRODUCTS_DIR; };
		4A3526F01ECE0A6C00FCCA1D /* main.swift */ = {isa = PBXFileReference; lastKnownFileType = sourcecode.swift; path = main.swift; sourceTree = "<group>"; };
		4A3526FB1ECE0AA800FCCA1D /* AlgorithmsTests.xctest */ = {isa = PBXFileReference; explicitFileType = wrapper.cfbundle; includeInIndex = 0; path = AlgorithmsTests.xctest; sourceTree = BUILT_PRODUCTS_DIR; };
		4A3526FD1ECE0AA800FCCA1D /* LinearSearchTests.swift */ = {isa = PBXFileReference; lastKnownFileType = sourcecode.swift; path = LinearSearchTests.swift; sourceTree = "<group>"; };
		4A3526FF1ECE0AA800FCCA1D /* Info.plist */ = {isa = PBXFileReference; lastKnownFileType = text.plist.xml; path = Info.plist; sourceTree = "<group>"; };
		4A39D56A1EDB124600263AB2 /* MergeSort.swift */ = {isa = PBXFileReference; fileEncoding = 4; lastKnownFileType = sourcecode.swift; name = MergeSort.swift; path = ../../../Merge_Sort/Swift/MergeSort.swift; sourceTree = "<group>"; };
		4A39D56E1EDB15C800263AB2 /* MergeSortTests.swift */ = {isa = PBXFileReference; fileEncoding = 4; lastKnownFileType = sourcecode.swift; path = MergeSortTests.swift; sourceTree = "<group>"; };
		4A76684B1ED20478000A3D37 /* LinearSearchObjectsTests.swift */ = {isa = PBXFileReference; fileEncoding = 4; lastKnownFileType = sourcecode.swift; path = LinearSearchObjectsTests.swift; sourceTree = "<group>"; };
		4A76684D1ED2048B000A3D37 /* LinearSearchEqualObjectsTests.swift */ = {isa = PBXFileReference; fileEncoding = 4; lastKnownFileType = sourcecode.swift; path = LinearSearchEqualObjectsTests.swift; sourceTree = "<group>"; };
		4A9FEB1C1ED759DA00B39236 /* BidirectionalBubbleSort.swift */ = {isa = PBXFileReference; fileEncoding = 4; lastKnownFileType = sourcecode.swift; name = BidirectionalBubbleSort.swift; path = ../../../Bidirectional_Bubble_Sort/Swift/BidirectionalBubbleSort.swift; sourceTree = "<group>"; };
		4A9FEB1F1ED759E000B39236 /* BinarySearch.swift */ = {isa = PBXFileReference; fileEncoding = 4; lastKnownFileType = sourcecode.swift; name = BinarySearch.swift; path = ../../../Binary_Search/Swift/BinarySearch.swift; sourceTree = "<group>"; };
		4A9FEB221ED759E500B39236 /* BubbleSort.swift */ = {isa = PBXFileReference; fileEncoding = 4; lastKnownFileType = sourcecode.swift; name = BubbleSort.swift; path = ../../../Bubble_Sort/Swift/BubbleSort.swift; sourceTree = "<group>"; };
		4A9FEB251ED759EB00B39236 /* LinearSearch.swift */ = {isa = PBXFileReference; fileEncoding = 4; lastKnownFileType = sourcecode.swift; name = LinearSearch.swift; path = ../../../Linear_Search/Swift/LinearSearch.swift; sourceTree = "<group>"; };
		4ACAB7591ED73EAF0058C07F /* ArrayExtension.swift */ = {isa = PBXFileReference; fileEncoding = 4; lastKnownFileType = sourcecode.swift; path = ArrayExtension.swift; sourceTree = "<group>"; };
		4ACAB7601ED757BD0058C07F /* BidirectionalBubbleSortTests.swift */ = {isa = PBXFileReference; fileEncoding = 4; lastKnownFileType = sourcecode.swift; path = BidirectionalBubbleSortTests.swift; sourceTree = "<group>"; };
		4ACC9C391ED8AD8F003D8328 /* InsertionSort.swift */ = {isa = PBXFileReference; fileEncoding = 4; lastKnownFileType = sourcecode.swift; name = InsertionSort.swift; path = ../../../Insertion_Sort/Swift/InsertionSort.swift; sourceTree = "<group>"; };
		4ACC9C3D1ED8AF8D003D8328 /* InsertionSortTests.swift */ = {isa = PBXFileReference; fileEncoding = 4; lastKnownFileType = sourcecode.swift; path = InsertionSortTests.swift; sourceTree = "<group>"; };
		4ACC9C3F1ED8B029003D8328 /* TestsHelper.swift */ = {isa = PBXFileReference; fileEncoding = 4; lastKnownFileType = sourcecode.swift; path = TestsHelper.swift; sourceTree = "<group>"; };
/* End PBXFileReference section */

/* Begin PBXFrameworksBuildPhase section */
		4A3526EA1ECE0A6C00FCCA1D /* Frameworks */ = {
			isa = PBXFrameworksBuildPhase;
			buildActionMask = 2147483647;
			files = (
			);
			runOnlyForDeploymentPostprocessing = 0;
		};
		4A3526F81ECE0AA800FCCA1D /* Frameworks */ = {
			isa = PBXFrameworksBuildPhase;
			buildActionMask = 2147483647;
			files = (
			);
			runOnlyForDeploymentPostprocessing = 0;
		};
/* End PBXFrameworksBuildPhase section */

/* Begin PBXGroup section */
		4A08C9131ED60E0C001781BB /* Bubble Sort */ = {
			isa = PBXGroup;
			children = (
				4A9FEB221ED759E500B39236 /* BubbleSort.swift */,
			);
			name = "Bubble Sort";
			sourceTree = "<group>";
		};
		4A08C9171ED613EA001781BB /* Bubble Sort */ = {
			isa = PBXGroup;
			children = (
				4A08C9181ED61401001781BB /* BubbleSortTests.swift */,
			);
			name = "Bubble Sort";
			sourceTree = "<group>";
		};
		4A18DE691ED9CA3C003DF01B /* Selection Sort */ = {
			isa = PBXGroup;
			children = (
				4A18DE6A1ED9CA96003DF01B /* SelectionSort.swift */,
			);
			name = "Selection Sort";
			sourceTree = "<group>";
		};
		4A18DE6D1ED9CBF9003DF01B /* Selection Sort */ = {
			isa = PBXGroup;
			children = (
				4A18DE6E1ED9CC18003DF01B /* SelectionSortTests.swift */,
			);
			name = "Selection Sort";
			sourceTree = "<group>";
		};
		4A1A0AA11ED4B11C003353A4 /* Binary Search */ = {
			isa = PBXGroup;
			children = (
				4A9FEB1F1ED759E000B39236 /* BinarySearch.swift */,
			);
			name = "Binary Search";
			sourceTree = "<group>";
		};
		4A1A0AA51ED4C53C003353A4 /* Binary Search */ = {
			isa = PBXGroup;
			children = (
				4A1A0AA61ED4C592003353A4 /* BinarySearchInPlaceTests.swift */,
				4A1A0AA81ED4CCDB003353A4 /* BinarySearchNotInPlaceTests.swift */,
			);
			name = "Binary Search";
			sourceTree = "<group>";
		};
		4A3526E41ECE0A6C00FCCA1D = {
			isa = PBXGroup;
			children = (
				4A3526EF1ECE0A6C00FCCA1D /* Algorithms */,
				4A3526FC1ECE0AA800FCCA1D /* AlgorithmsTests */,
				4A3526EE1ECE0A6C00FCCA1D /* Products */,
			);
			sourceTree = "<group>";
		};
		4A3526EE1ECE0A6C00FCCA1D /* Products */ = {
			isa = PBXGroup;
			children = (
				4A3526ED1ECE0A6C00FCCA1D /* Algorithms */,
				4A3526FB1ECE0AA800FCCA1D /* AlgorithmsTests.xctest */,
			);
			name = Products;
			sourceTree = "<group>";
		};
		4A3526EF1ECE0A6C00FCCA1D /* Algorithms */ = {
			isa = PBXGroup;
			children = (
				4ACAB75B1ED7511A0058C07F /* Bidirectional Bubble Sort */,
				4A1A0AA11ED4B11C003353A4 /* Binary Search */,
				4A08C9131ED60E0C001781BB /* Bubble Sort */,
				4ACC9C381ED8AD77003D8328 /* Insertion Sort */,
				4A3527031ECE0AB300FCCA1D /* Linear Search */,
				4A39D5691EDB123600263AB2 /* Merge Sort */,
				4A18DE691ED9CA3C003DF01B /* Selection Sort */,
				4A3526F01ECE0A6C00FCCA1D /* main.swift */,
			);
			path = Algorithms;
			sourceTree = "<group>";
		};
		4A3526FC1ECE0AA800FCCA1D /* AlgorithmsTests */ = {
			isa = PBXGroup;
			children = (
				4ACAB75F1ED754C40058C07F /* Bidirectional Bubble Sort */,
				4A1A0AA51ED4C53C003353A4 /* Binary Search */,
				4A08C9171ED613EA001781BB /* Bubble Sort */,
				4ACC9C3C1ED8AF66003D8328 /* Insertion Sort */,
				4A3527091ECE2EBA00FCCA1D /* Linear Search */,
				4A39D56D1EDB15AD00263AB2 /* Merge Sort */,
				4A18DE6D1ED9CBF9003DF01B /* Selection Sort */,
				4A3526FF1ECE0AA800FCCA1D /* Info.plist */,
				4ACAB7591ED73EAF0058C07F /* ArrayExtension.swift */,
				4ACC9C3F1ED8B029003D8328 /* TestsHelper.swift */,
			);
			path = AlgorithmsTests;
			sourceTree = "<group>";
		};
		4A3527031ECE0AB300FCCA1D /* Linear Search */ = {
			isa = PBXGroup;
			children = (
				4A9FEB251ED759EB00B39236 /* LinearSearch.swift */,
			);
			name = "Linear Search";
			sourceTree = "<group>";
		};
		4A3527091ECE2EBA00FCCA1D /* Linear Search */ = {
			isa = PBXGroup;
			children = (
				4A3526FD1ECE0AA800FCCA1D /* LinearSearchTests.swift */,
				4A76684B1ED20478000A3D37 /* LinearSearchObjectsTests.swift */,
				4A76684D1ED2048B000A3D37 /* LinearSearchEqualObjectsTests.swift */,
			);
			name = "Linear Search";
			sourceTree = "<group>";
		};
		4A39D5691EDB123600263AB2 /* Merge Sort */ = {
			isa = PBXGroup;
			children = (
				4A39D56A1EDB124600263AB2 /* MergeSort.swift */,
			);
			name = "Merge Sort";
			sourceTree = "<group>";
		};
		4A39D56D1EDB15AD00263AB2 /* Merge Sort */ = {
			isa = PBXGroup;
			children = (
				4A39D56E1EDB15C800263AB2 /* MergeSortTests.swift */,
			);
			name = "Merge Sort";
			sourceTree = "<group>";
		};
		4ACAB75B1ED7511A0058C07F /* Bidirectional Bubble Sort */ = {
			isa = PBXGroup;
			children = (
				4A9FEB1C1ED759DA00B39236 /* BidirectionalBubbleSort.swift */,
			);
			name = "Bidirectional Bubble Sort";
			sourceTree = "<group>";
		};
		4ACAB75F1ED754C40058C07F /* Bidirectional Bubble Sort */ = {
			isa = PBXGroup;
			children = (
				4ACAB7601ED757BD0058C07F /* BidirectionalBubbleSortTests.swift */,
			);
			name = "Bidirectional Bubble Sort";
			sourceTree = "<group>";
		};
		4ACC9C381ED8AD77003D8328 /* Insertion Sort */ = {
			isa = PBXGroup;
			children = (
				4ACC9C391ED8AD8F003D8328 /* InsertionSort.swift */,
			);
			name = "Insertion Sort";
			sourceTree = "<group>";
		};
		4ACC9C3C1ED8AF66003D8328 /* Insertion Sort */ = {
			isa = PBXGroup;
			children = (
				4ACC9C3D1ED8AF8D003D8328 /* InsertionSortTests.swift */,
			);
			name = "Insertion Sort";
			sourceTree = "<group>";
		};
/* End PBXGroup section */

/* Begin PBXNativeTarget section */
		4A3526EC1ECE0A6C00FCCA1D /* Algorithms */ = {
			isa = PBXNativeTarget;
			buildConfigurationList = 4A3526F41ECE0A6C00FCCA1D /* Build configuration list for PBXNativeTarget "Algorithms" */;
			buildPhases = (
				4A3526E91ECE0A6C00FCCA1D /* Sources */,
				4A3526EA1ECE0A6C00FCCA1D /* Frameworks */,
				4A3526EB1ECE0A6C00FCCA1D /* CopyFiles */,
			);
			buildRules = (
			);
			dependencies = (
			);
			name = Algorithms;
			productName = Algorithms;
			productReference = 4A3526ED1ECE0A6C00FCCA1D /* Algorithms */;
			productType = "com.apple.product-type.tool";
		};
		4A3526FA1ECE0AA800FCCA1D /* AlgorithmsTests */ = {
			isa = PBXNativeTarget;
			buildConfigurationList = 4A3527021ECE0AA800FCCA1D /* Build configuration list for PBXNativeTarget "AlgorithmsTests" */;
			buildPhases = (
				4A3526F71ECE0AA800FCCA1D /* Sources */,
				4A3526F81ECE0AA800FCCA1D /* Frameworks */,
				4A3526F91ECE0AA800FCCA1D /* Resources */,
			);
			buildRules = (
			);
			dependencies = (
			);
			name = AlgorithmsTests;
			productName = AlgorithmsTests;
			productReference = 4A3526FB1ECE0AA800FCCA1D /* AlgorithmsTests.xctest */;
			productType = "com.apple.product-type.bundle.unit-test";
		};
/* End PBXNativeTarget section */

/* Begin PBXProject section */
		4A3526E51ECE0A6C00FCCA1D /* Project object */ = {
			isa = PBXProject;
			attributes = {
				LastSwiftUpdateCheck = 0830;
				LastUpgradeCheck = 0830;
				ORGANIZATIONNAME = "Grigory Lutkov";
				TargetAttributes = {
					4A3526EC1ECE0A6C00FCCA1D = {
						CreatedOnToolsVersion = 8.3.2;
						ProvisioningStyle = Automatic;
					};
					4A3526FA1ECE0AA800FCCA1D = {
						CreatedOnToolsVersion = 8.3.2;
						ProvisioningStyle = Automatic;
					};
				};
			};
			buildConfigurationList = 4A3526E81ECE0A6C00FCCA1D /* Build configuration list for PBXProject "Algorithms" */;
			compatibilityVersion = "Xcode 3.2";
			developmentRegion = English;
			hasScannedForEncodings = 0;
			knownRegions = (
				en,
			);
			mainGroup = 4A3526E41ECE0A6C00FCCA1D;
			productRefGroup = 4A3526EE1ECE0A6C00FCCA1D /* Products */;
			projectDirPath = "";
			projectRoot = "";
			targets = (
				4A3526EC1ECE0A6C00FCCA1D /* Algorithms */,
				4A3526FA1ECE0AA800FCCA1D /* AlgorithmsTests */,
			);
		};
/* End PBXProject section */

/* Begin PBXResourcesBuildPhase section */
		4A3526F91ECE0AA800FCCA1D /* Resources */ = {
			isa = PBXResourcesBuildPhase;
			buildActionMask = 2147483647;
			files = (
			);
			runOnlyForDeploymentPostprocessing = 0;
		};
/* End PBXResourcesBuildPhase section */

/* Begin PBXSourcesBuildPhase section */
		4A3526E91ECE0A6C00FCCA1D /* Sources */ = {
			isa = PBXSourcesBuildPhase;
			buildActionMask = 2147483647;
			files = (
				4A3526F11ECE0A6C00FCCA1D /* main.swift in Sources */,
				4A9FEB1D1ED759DA00B39236 /* BidirectionalBubbleSort.swift in Sources */,
				4A39D56B1EDB124600263AB2 /* MergeSort.swift in Sources */,
				4A18DE6B1ED9CA96003DF01B /* SelectionSort.swift in Sources */,
				4A9FEB261ED759EB00B39236 /* LinearSearch.swift in Sources */,
				4ACC9C3A1ED8AD8F003D8328 /* InsertionSort.swift in Sources */,
				4A9FEB201ED759E000B39236 /* BinarySearch.swift in Sources */,
				4A9FEB231ED759E500B39236 /* BubbleSort.swift in Sources */,
			);
			runOnlyForDeploymentPostprocessing = 0;
		};
		4A3526F71ECE0AA800FCCA1D /* Sources */ = {
			isa = PBXSourcesBuildPhase;
			buildActionMask = 2147483647;
			files = (
				4A9FEB241ED759E500B39236 /* BubbleSort.swift in Sources */,
				4ACC9C3E1ED8AF8D003D8328 /* InsertionSortTests.swift in Sources */,
				4A3526FE1ECE0AA800FCCA1D /* LinearSearchTests.swift in Sources */,
				4A76684C1ED20478000A3D37 /* LinearSearchObjectsTests.swift in Sources */,
				4ACAB7611ED757BD0058C07F /* BidirectionalBubbleSortTests.swift in Sources */,
				4A08C9191ED61401001781BB /* BubbleSortTests.swift in Sources */,
				4A39D56C1EDB124600263AB2 /* MergeSort.swift in Sources */,
				4ACC9C401ED8B029003D8328 /* TestsHelper.swift in Sources */,
				4A9FEB211ED759E000B39236 /* BinarySearch.swift in Sources */,
				4A9FEB271ED759EB00B39236 /* LinearSearch.swift in Sources */,
				4ACAB75A1ED73EAF0058C07F /* ArrayExtension.swift in Sources */,
				4A76684E1ED2048B000A3D37 /* LinearSearchEqualObjectsTests.swift in Sources */,
				4A1A0AA71ED4C592003353A4 /* BinarySearchInPlaceTests.swift in Sources */,
				4A18DE6C1ED9CA96003DF01B /* SelectionSort.swift in Sources */,
				4ACC9C3B1ED8AD8F003D8328 /* InsertionSort.swift in Sources */,
				4A1A0AA91ED4CCDB003353A4 /* BinarySearchNotInPlaceTests.swift in Sources */,
				4A18DE6F1ED9CC18003DF01B /* SelectionSortTests.swift in Sources */,
				4A9FEB1E1ED759DA00B39236 /* BidirectionalBubbleSort.swift in Sources */,
				4A39D56F1EDB15C800263AB2 /* MergeSortTests.swift in Sources */,
			);
			runOnlyForDeploymentPostprocessing = 0;
		};
/* End PBXSourcesBuildPhase section */

/* Begin XCBuildConfiguration section */
		4A3526F21ECE0A6C00FCCA1D /* Debug */ = {
			isa = XCBuildConfiguration;
			buildSettings = {
				ALWAYS_SEARCH_USER_PATHS = NO;
				CLANG_ANALYZER_NONNULL = YES;
				CLANG_ANALYZER_NUMBER_OBJECT_CONVERSION = YES_AGGRESSIVE;
				CLANG_CXX_LANGUAGE_STANDARD = "gnu++0x";
				CLANG_CXX_LIBRARY = "libc++";
				CLANG_ENABLE_MODULES = YES;
				CLANG_ENABLE_OBJC_ARC = YES;
				CLANG_WARN_BOOL_CONVERSION = YES;
				CLANG_WARN_CONSTANT_CONVERSION = YES;
				CLANG_WARN_DIRECT_OBJC_ISA_USAGE = YES_ERROR;
				CLANG_WARN_DOCUMENTATION_COMMENTS = YES;
				CLANG_WARN_EMPTY_BODY = YES;
				CLANG_WARN_ENUM_CONVERSION = YES;
				CLANG_WARN_INFINITE_RECURSION = YES;
				CLANG_WARN_INT_CONVERSION = YES;
				CLANG_WARN_OBJC_ROOT_CLASS = YES_ERROR;
				CLANG_WARN_SUSPICIOUS_MOVE = YES;
				CLANG_WARN_UNREACHABLE_CODE = YES;
				CLANG_WARN__DUPLICATE_METHOD_MATCH = YES;
				CODE_SIGN_IDENTITY = "-";
				COPY_PHASE_STRIP = NO;
				DEBUG_INFORMATION_FORMAT = dwarf;
				ENABLE_STRICT_OBJC_MSGSEND = YES;
				ENABLE_TESTABILITY = YES;
				GCC_C_LANGUAGE_STANDARD = gnu99;
				GCC_DYNAMIC_NO_PIC = NO;
				GCC_NO_COMMON_BLOCKS = YES;
				GCC_OPTIMIZATION_LEVEL = 0;
				GCC_PREPROCESSOR_DEFINITIONS = (
					"DEBUG=1",
					"$(inherited)",
				);
				GCC_WARN_64_TO_32_BIT_CONVERSION = YES;
				GCC_WARN_ABOUT_RETURN_TYPE = YES_ERROR;
				GCC_WARN_UNDECLARED_SELECTOR = YES;
				GCC_WARN_UNINITIALIZED_AUTOS = YES_AGGRESSIVE;
				GCC_WARN_UNUSED_FUNCTION = YES;
				GCC_WARN_UNUSED_VARIABLE = YES;
				MACOSX_DEPLOYMENT_TARGET = 10.12;
				MTL_ENABLE_DEBUG_INFO = YES;
				ONLY_ACTIVE_ARCH = YES;
				SDKROOT = macosx;
				SWIFT_OPTIMIZATION_LEVEL = "-Onone";
			};
			name = Debug;
		};
		4A3526F31ECE0A6C00FCCA1D /* Release */ = {
			isa = XCBuildConfiguration;
			buildSettings = {
				ALWAYS_SEARCH_USER_PATHS = NO;
				CLANG_ANALYZER_NONNULL = YES;
				CLANG_ANALYZER_NUMBER_OBJECT_CONVERSION = YES_AGGRESSIVE;
				CLANG_CXX_LANGUAGE_STANDARD = "gnu++0x";
				CLANG_CXX_LIBRARY = "libc++";
				CLANG_ENABLE_MODULES = YES;
				CLANG_ENABLE_OBJC_ARC = YES;
				CLANG_WARN_BOOL_CONVERSION = YES;
				CLANG_WARN_CONSTANT_CONVERSION = YES;
				CLANG_WARN_DIRECT_OBJC_ISA_USAGE = YES_ERROR;
				CLANG_WARN_DOCUMENTATION_COMMENTS = YES;
				CLANG_WARN_EMPTY_BODY = YES;
				CLANG_WARN_ENUM_CONVERSION = YES;
				CLANG_WARN_INFINITE_RECURSION = YES;
				CLANG_WARN_INT_CONVERSION = YES;
				CLANG_WARN_OBJC_ROOT_CLASS = YES_ERROR;
				CLANG_WARN_SUSPICIOUS_MOVE = YES;
				CLANG_WARN_UNREACHABLE_CODE = YES;
				CLANG_WARN__DUPLICATE_METHOD_MATCH = YES;
				CODE_SIGN_IDENTITY = "-";
				COPY_PHASE_STRIP = NO;
				DEBUG_INFORMATION_FORMAT = "dwarf-with-dsym";
				ENABLE_NS_ASSERTIONS = NO;
				ENABLE_STRICT_OBJC_MSGSEND = YES;
				GCC_C_LANGUAGE_STANDARD = gnu99;
				GCC_NO_COMMON_BLOCKS = YES;
				GCC_WARN_64_TO_32_BIT_CONVERSION = YES;
				GCC_WARN_ABOUT_RETURN_TYPE = YES_ERROR;
				GCC_WARN_UNDECLARED_SELECTOR = YES;
				GCC_WARN_UNINITIALIZED_AUTOS = YES_AGGRESSIVE;
				GCC_WARN_UNUSED_FUNCTION = YES;
				GCC_WARN_UNUSED_VARIABLE = YES;
				MACOSX_DEPLOYMENT_TARGET = 10.12;
				MTL_ENABLE_DEBUG_INFO = NO;
				SDKROOT = macosx;
			};
			name = Release;
		};
		4A3526F51ECE0A6C00FCCA1D /* Debug */ = {
			isa = XCBuildConfiguration;
			buildSettings = {
				PRODUCT_NAME = "$(TARGET_NAME)";
				SWIFT_VERSION = 3.0;
			};
			name = Debug;
		};
		4A3526F61ECE0A6C00FCCA1D /* Release */ = {
			isa = XCBuildConfiguration;
			buildSettings = {
				PRODUCT_NAME = "$(TARGET_NAME)";
				SWIFT_VERSION = 3.0;
			};
			name = Release;
		};
		4A3527001ECE0AA800FCCA1D /* Debug */ = {
			isa = XCBuildConfiguration;
			buildSettings = {
				COMBINE_HIDPI_IMAGES = YES;
				INFOPLIST_FILE = AlgorithmsTests/Info.plist;
				LD_RUNPATH_SEARCH_PATHS = "$(inherited) @executable_path/../Frameworks @loader_path/../Frameworks";
				PRODUCT_BUNDLE_IDENTIFIER = com.test.AlgorithmsTests;
				PRODUCT_NAME = "$(TARGET_NAME)";
				SWIFT_ACTIVE_COMPILATION_CONDITIONS = DEBUG;
				SWIFT_VERSION = 3.0;
			};
			name = Debug;
		};
		4A3527011ECE0AA800FCCA1D /* Release */ = {
			isa = XCBuildConfiguration;
			buildSettings = {
				COMBINE_HIDPI_IMAGES = YES;
				INFOPLIST_FILE = AlgorithmsTests/Info.plist;
				LD_RUNPATH_SEARCH_PATHS = "$(inherited) @executable_path/../Frameworks @loader_path/../Frameworks";
				PRODUCT_BUNDLE_IDENTIFIER = com.test.AlgorithmsTests;
				PRODUCT_NAME = "$(TARGET_NAME)";
				SWIFT_OPTIMIZATION_LEVEL = "-Owholemodule";
				SWIFT_VERSION = 3.0;
			};
			name = Release;
		};
/* End XCBuildConfiguration section */

/* Begin XCConfigurationList section */
		4A3526E81ECE0A6C00FCCA1D /* Build configuration list for PBXProject "Algorithms" */ = {
			isa = XCConfigurationList;
			buildConfigurations = (
				4A3526F21ECE0A6C00FCCA1D /* Debug */,
				4A3526F31ECE0A6C00FCCA1D /* Release */,
			);
			defaultConfigurationIsVisible = 0;
			defaultConfigurationName = Release;
		};
		4A3526F41ECE0A6C00FCCA1D /* Build configuration list for PBXNativeTarget "Algorithms" */ = {
			isa = XCConfigurationList;
			buildConfigurations = (
				4A3526F51ECE0A6C00FCCA1D /* Debug */,
				4A3526F61ECE0A6C00FCCA1D /* Release */,
			);
			defaultConfigurationIsVisible = 0;
			defaultConfigurationName = Release;
		};
		4A3527021ECE0AA800FCCA1D /* Build configuration list for PBXNativeTarget "AlgorithmsTests" */ = {
			isa = XCConfigurationList;
			buildConfigurations = (
				4A3527001ECE0AA800FCCA1D /* Debug */,
				4A3527011ECE0AA800FCCA1D /* Release */,
			);
			defaultConfigurationIsVisible = 0;
			defaultConfigurationName = Release;
		};
/* End XCConfigurationList section */
	};
	rootObject = 4A3526E51ECE0A6C00FCCA1D /* Project object */;
}
